// !$*UTF8*$!
{
	archiveVersion = 1;
	classes = {
	};
	objectVersion = 50;
	objects = {

/* Begin PBXBuildFile section */
		6331F19C239ABF4700E57E04 /* ScoreTableViewController.swift in Sources */ = {isa = PBXBuildFile; fileRef = 6331F19B239ABF4700E57E04 /* ScoreTableViewController.swift */; };
		6331F19E239AC07600E57E04 /* CoreDataService.swift in Sources */ = {isa = PBXBuildFile; fileRef = 6331F19D239AC07600E57E04 /* CoreDataService.swift */; };
		6331F1A1239AC10200E57E04 /* CoreDataStack.swift in Sources */ = {isa = PBXBuildFile; fileRef = 6331F1A0239AC10200E57E04 /* CoreDataStack.swift */; };
		6331F1A3239AC15000E57E04 /* MOScore.swift in Sources */ = {isa = PBXBuildFile; fileRef = 6331F1A2239AC15000E57E04 /* MOScore.swift */; };
		6331F1A6239AC19700E57E04 /* Model.xcdatamodeld in Sources */ = {isa = PBXBuildFile; fileRef = 6331F1A4239AC19700E57E04 /* Model.xcdatamodeld */; };
		6331F1AA239AC8B000E57E04 /* Score.swift in Sources */ = {isa = PBXBuildFile; fileRef = 6331F1A9239AC8B000E57E04 /* Score.swift */; };
		6331F1AC239AD50900E57E04 /* ScoreTableViewCell.swift in Sources */ = {isa = PBXBuildFile; fileRef = 6331F1AB239AD50900E57E04 /* ScoreTableViewCell.swift */; };
		6331F1AE239ADB8D00E57E04 /* ScoreTVCDatasource.swift in Sources */ = {isa = PBXBuildFile; fileRef = 6331F1AD239ADB8D00E57E04 /* ScoreTVCDatasource.swift */; };
		6331F1B1239B156A00E57E04 /* ResultVCUIConstraints.swift in Sources */ = {isa = PBXBuildFile; fileRef = 6331F1B0239B156A00E57E04 /* ResultVCUIConstraints.swift */; };
		634F750D239EC3C400F386C5 /* Category.swift in Sources */ = {isa = PBXBuildFile; fileRef = 63B5ADB423916B17003D39C3 /* Category.swift */; };
		634F750E239EC3C400F386C5 /* CategoryWord.swift in Sources */ = {isa = PBXBuildFile; fileRef = 63B5ADB723916B4E003D39C3 /* CategoryWord.swift */; };
		634F750F239EC3C400F386C5 /* Names.swift in Sources */ = {isa = PBXBuildFile; fileRef = 63B5ADBB23916BE4003D39C3 /* Names.swift */; };
		634F7510239EC3C400F386C5 /* Game.swift in Sources */ = {isa = PBXBuildFile; fileRef = 63B5ADE12395A06B003D39C3 /* Game.swift */; };
		634F7511239EC3C400F386C5 /* Score.swift in Sources */ = {isa = PBXBuildFile; fileRef = 6331F1A9239AC8B000E57E04 /* Score.swift */; };
		634F7512239EC3C400F386C5 /* Keyboard.swift in Sources */ = {isa = PBXBuildFile; fileRef = 639A6C02239D310900D60A89 /* Keyboard.swift */; };
		634F7513239EC3CB00F386C5 /* CategoryCollectionViewCell.swift in Sources */ = {isa = PBXBuildFile; fileRef = 63B5ADE723993D58003D39C3 /* CategoryCollectionViewCell.swift */; };
		634F7514239EC3CB00F386C5 /* GameCollectionViewCell.swift in Sources */ = {isa = PBXBuildFile; fileRef = 63B5ADD523942780003D39C3 /* GameCollectionViewCell.swift */; };
		634F7515239EC3CB00F386C5 /* HeartStack.swift in Sources */ = {isa = PBXBuildFile; fileRef = 63B5ADE32398304E003D39C3 /* HeartStack.swift */; };
		634F7516239EC3D200F386C5 /* ScoreTableViewCell.swift in Sources */ = {isa = PBXBuildFile; fileRef = 6331F1AB239AD50900E57E04 /* ScoreTableViewCell.swift */; };
		634F7517239EC3D200F386C5 /* ScoreTableViewCellLabels.swift in Sources */ = {isa = PBXBuildFile; fileRef = 637F829F239D36010051BEBC /* ScoreTableViewCellLabels.swift */; };
		634F7518239EC3D800F386C5 /* MainViewController.swift in Sources */ = {isa = PBXBuildFile; fileRef = 63B5ADAD23915A0C003D39C3 /* MainViewController.swift */; };
		634F7519239EC3D800F386C5 /* CategoryCollectionViewController.swift in Sources */ = {isa = PBXBuildFile; fileRef = 63B5ADE523993D0D003D39C3 /* CategoryCollectionViewController.swift */; };
		634F751A239EC3D800F386C5 /* GameViewController.swift in Sources */ = {isa = PBXBuildFile; fileRef = 63B5ADCC2393EF40003D39C3 /* GameViewController.swift */; };
		634F751B239EC3D800F386C5 /* ResultViewController.swift in Sources */ = {isa = PBXBuildFile; fileRef = 63B5ADE923998065003D39C3 /* ResultViewController.swift */; };
		634F751C239EC3D800F386C5 /* ScoreTableViewController.swift in Sources */ = {isa = PBXBuildFile; fileRef = 6331F19B239ABF4700E57E04 /* ScoreTableViewController.swift */; };
		634F751D239EC3DF00F386C5 /* CoreDataService.swift in Sources */ = {isa = PBXBuildFile; fileRef = 6331F19D239AC07600E57E04 /* CoreDataService.swift */; };
		634F751E239EC3DF00F386C5 /* CoreDataStack.swift in Sources */ = {isa = PBXBuildFile; fileRef = 6331F1A0239AC10200E57E04 /* CoreDataStack.swift */; };
		634F751F239EC3DF00F386C5 /* MOScore.swift in Sources */ = {isa = PBXBuildFile; fileRef = 6331F1A2239AC15000E57E04 /* MOScore.swift */; };
		634F7520239EC3E600F386C5 /* Model.xcdatamodeld in Sources */ = {isa = PBXBuildFile; fileRef = 6331F1A4239AC19700E57E04 /* Model.xcdatamodeld */; };
		634F7521239EC3EA00F386C5 /* NetworkService.swift in Sources */ = {isa = PBXBuildFile; fileRef = 63B5ADC123916E4A003D39C3 /* NetworkService.swift */; };
		634F7522239EC3F300F386C5 /* GameVCUIConstraints.swift in Sources */ = {isa = PBXBuildFile; fileRef = 63B5ADCE239408CE003D39C3 /* GameVCUIConstraints.swift */; };
		634F7523239EC3F300F386C5 /* GameVCDataSource.swift in Sources */ = {isa = PBXBuildFile; fileRef = 63B5ADDA23956661003D39C3 /* GameVCDataSource.swift */; };
		634F7524239EC3F700F386C5 /* ScoreTVCDatasource.swift in Sources */ = {isa = PBXBuildFile; fileRef = 6331F1AD239ADB8D00E57E04 /* ScoreTVCDatasource.swift */; };
		634F7525239EC3FB00F386C5 /* ResultVCUIConstraints.swift in Sources */ = {isa = PBXBuildFile; fileRef = 6331F1B0239B156A00E57E04 /* ResultVCUIConstraints.swift */; };
		637F82A0239D36010051BEBC /* ScoreTableViewCellLabels.swift in Sources */ = {isa = PBXBuildFile; fileRef = 637F829F239D36010051BEBC /* ScoreTableViewCellLabels.swift */; };
		637F872D239D95F50051BEBC /* Project_Get_WordTests.swift in Sources */ = {isa = PBXBuildFile; fileRef = 637F872C239D95F50051BEBC /* Project_Get_WordTests.swift */; };
		639A6C03239D310900D60A89 /* Keyboard.swift in Sources */ = {isa = PBXBuildFile; fileRef = 639A6C02239D310900D60A89 /* Keyboard.swift */; };
		63B5AD9C2391594D003D39C3 /* AppDelegate.swift in Sources */ = {isa = PBXBuildFile; fileRef = 63B5AD9B2391594D003D39C3 /* AppDelegate.swift */; };
		63B5ADA32391594E003D39C3 /* Assets.xcassets in Resources */ = {isa = PBXBuildFile; fileRef = 63B5ADA22391594E003D39C3 /* Assets.xcassets */; };
		63B5ADA62391594E003D39C3 /* LaunchScreen.storyboard in Resources */ = {isa = PBXBuildFile; fileRef = 63B5ADA42391594E003D39C3 /* LaunchScreen.storyboard */; };
		63B5ADAE23915A0C003D39C3 /* MainViewController.swift in Sources */ = {isa = PBXBuildFile; fileRef = 63B5ADAD23915A0C003D39C3 /* MainViewController.swift */; };
		63B5ADB523916B17003D39C3 /* Category.swift in Sources */ = {isa = PBXBuildFile; fileRef = 63B5ADB423916B17003D39C3 /* Category.swift */; };
		63B5ADB823916B4E003D39C3 /* CategoryWord.swift in Sources */ = {isa = PBXBuildFile; fileRef = 63B5ADB723916B4E003D39C3 /* CategoryWord.swift */; };
		63B5ADBC23916BE4003D39C3 /* Names.swift in Sources */ = {isa = PBXBuildFile; fileRef = 63B5ADBB23916BE4003D39C3 /* Names.swift */; };
		63B5ADC223916E4A003D39C3 /* NetworkService.swift in Sources */ = {isa = PBXBuildFile; fileRef = 63B5ADC123916E4A003D39C3 /* NetworkService.swift */; };
		63B5ADCD2393EF40003D39C3 /* GameViewController.swift in Sources */ = {isa = PBXBuildFile; fileRef = 63B5ADCC2393EF40003D39C3 /* GameViewController.swift */; };
		63B5ADCF239408CE003D39C3 /* GameVCUIConstraints.swift in Sources */ = {isa = PBXBuildFile; fileRef = 63B5ADCE239408CE003D39C3 /* GameVCUIConstraints.swift */; };
		63B5ADD623942780003D39C3 /* GameCollectionViewCell.swift in Sources */ = {isa = PBXBuildFile; fileRef = 63B5ADD523942780003D39C3 /* GameCollectionViewCell.swift */; };
		63B5ADDB23956661003D39C3 /* GameVCDataSource.swift in Sources */ = {isa = PBXBuildFile; fileRef = 63B5ADDA23956661003D39C3 /* GameVCDataSource.swift */; };
		63B5ADE22395A06B003D39C3 /* Game.swift in Sources */ = {isa = PBXBuildFile; fileRef = 63B5ADE12395A06B003D39C3 /* Game.swift */; };
		63B5ADE42398304E003D39C3 /* HeartStack.swift in Sources */ = {isa = PBXBuildFile; fileRef = 63B5ADE32398304E003D39C3 /* HeartStack.swift */; };
		63B5ADE623993D0D003D39C3 /* CategoryCollectionViewController.swift in Sources */ = {isa = PBXBuildFile; fileRef = 63B5ADE523993D0D003D39C3 /* CategoryCollectionViewController.swift */; };
		63B5ADE823993D58003D39C3 /* CategoryCollectionViewCell.swift in Sources */ = {isa = PBXBuildFile; fileRef = 63B5ADE723993D58003D39C3 /* CategoryCollectionViewCell.swift */; };
		63B5ADEA23998065003D39C3 /* ResultViewController.swift in Sources */ = {isa = PBXBuildFile; fileRef = 63B5ADE923998065003D39C3 /* ResultViewController.swift */; };
/* End PBXBuildFile section */

/* Begin PBXContainerItemProxy section */
		637F872F239D95F50051BEBC /* PBXContainerItemProxy */ = {
			isa = PBXContainerItemProxy;
			containerPortal = 63B5AD902391594D003D39C3 /* Project object */;
			proxyType = 1;
			remoteGlobalIDString = 63B5AD972391594D003D39C3;
			remoteInfo = Project_Get_Word;
		};
/* End PBXContainerItemProxy section */

/* Begin PBXFileReference section */
		6331F19B239ABF4700E57E04 /* ScoreTableViewController.swift */ = {isa = PBXFileReference; lastKnownFileType = sourcecode.swift; path = ScoreTableViewController.swift; sourceTree = "<group>"; };
		6331F19D239AC07600E57E04 /* CoreDataService.swift */ = {isa = PBXFileReference; lastKnownFileType = sourcecode.swift; path = CoreDataService.swift; sourceTree = "<group>"; };
		6331F1A0239AC10200E57E04 /* CoreDataStack.swift */ = {isa = PBXFileReference; lastKnownFileType = sourcecode.swift; path = CoreDataStack.swift; sourceTree = "<group>"; };
		6331F1A2239AC15000E57E04 /* MOScore.swift */ = {isa = PBXFileReference; lastKnownFileType = sourcecode.swift; path = MOScore.swift; sourceTree = "<group>"; };
		6331F1A5239AC19700E57E04 /* Model.xcdatamodel */ = {isa = PBXFileReference; lastKnownFileType = wrapper.xcdatamodel; path = Model.xcdatamodel; sourceTree = "<group>"; };
		6331F1A9239AC8B000E57E04 /* Score.swift */ = {isa = PBXFileReference; lastKnownFileType = sourcecode.swift; path = Score.swift; sourceTree = "<group>"; };
		6331F1AB239AD50900E57E04 /* ScoreTableViewCell.swift */ = {isa = PBXFileReference; lastKnownFileType = sourcecode.swift; path = ScoreTableViewCell.swift; sourceTree = "<group>"; };
		6331F1AD239ADB8D00E57E04 /* ScoreTVCDatasource.swift */ = {isa = PBXFileReference; lastKnownFileType = sourcecode.swift; path = ScoreTVCDatasource.swift; sourceTree = "<group>"; };
		6331F1B0239B156A00E57E04 /* ResultVCUIConstraints.swift */ = {isa = PBXFileReference; lastKnownFileType = sourcecode.swift; path = ResultVCUIConstraints.swift; sourceTree = "<group>"; };
		637F829F239D36010051BEBC /* ScoreTableViewCellLabels.swift */ = {isa = PBXFileReference; lastKnownFileType = sourcecode.swift; path = ScoreTableViewCellLabels.swift; sourceTree = "<group>"; };
		637F872A239D95F50051BEBC /* Project_Get_WordTests.xctest */ = {isa = PBXFileReference; explicitFileType = wrapper.cfbundle; includeInIndex = 0; path = Project_Get_WordTests.xctest; sourceTree = BUILT_PRODUCTS_DIR; };
		637F872C239D95F50051BEBC /* Project_Get_WordTests.swift */ = {isa = PBXFileReference; lastKnownFileType = sourcecode.swift; path = Project_Get_WordTests.swift; sourceTree = "<group>"; };
		637F872E239D95F50051BEBC /* Info.plist */ = {isa = PBXFileReference; lastKnownFileType = text.plist.xml; path = Info.plist; sourceTree = "<group>"; };
		639A6C02239D310900D60A89 /* Keyboard.swift */ = {isa = PBXFileReference; lastKnownFileType = sourcecode.swift; path = Keyboard.swift; sourceTree = "<group>"; };
		63B5AD982391594D003D39C3 /* Project_Get_Word.app */ = {isa = PBXFileReference; explicitFileType = wrapper.application; includeInIndex = 0; path = Project_Get_Word.app; sourceTree = BUILT_PRODUCTS_DIR; };
		63B5AD9B2391594D003D39C3 /* AppDelegate.swift */ = {isa = PBXFileReference; lastKnownFileType = sourcecode.swift; path = AppDelegate.swift; sourceTree = "<group>"; };
		63B5ADA22391594E003D39C3 /* Assets.xcassets */ = {isa = PBXFileReference; lastKnownFileType = folder.assetcatalog; path = Assets.xcassets; sourceTree = "<group>"; };
		63B5ADA52391594E003D39C3 /* Base */ = {isa = PBXFileReference; lastKnownFileType = file.storyboard; name = Base; path = Base.lproj/LaunchScreen.storyboard; sourceTree = "<group>"; };
		63B5ADA72391594E003D39C3 /* Info.plist */ = {isa = PBXFileReference; lastKnownFileType = text.plist.xml; path = Info.plist; sourceTree = "<group>"; };
		63B5ADAD23915A0C003D39C3 /* MainViewController.swift */ = {isa = PBXFileReference; lastKnownFileType = sourcecode.swift; path = MainViewController.swift; sourceTree = "<group>"; };
		63B5ADB423916B17003D39C3 /* Category.swift */ = {isa = PBXFileReference; lastKnownFileType = sourcecode.swift; path = Category.swift; sourceTree = "<group>"; };
		63B5ADB723916B4E003D39C3 /* CategoryWord.swift */ = {isa = PBXFileReference; lastKnownFileType = sourcecode.swift; path = CategoryWord.swift; sourceTree = "<group>"; };
		63B5ADBB23916BE4003D39C3 /* Names.swift */ = {isa = PBXFileReference; lastKnownFileType = sourcecode.swift; path = Names.swift; sourceTree = "<group>"; };
		63B5ADC123916E4A003D39C3 /* NetworkService.swift */ = {isa = PBXFileReference; lastKnownFileType = sourcecode.swift; path = NetworkService.swift; sourceTree = "<group>"; };
		63B5ADCC2393EF40003D39C3 /* GameViewController.swift */ = {isa = PBXFileReference; lastKnownFileType = sourcecode.swift; path = GameViewController.swift; sourceTree = "<group>"; };
		63B5ADCE239408CE003D39C3 /* GameVCUIConstraints.swift */ = {isa = PBXFileReference; lastKnownFileType = sourcecode.swift; path = GameVCUIConstraints.swift; sourceTree = "<group>"; };
		63B5ADD523942780003D39C3 /* GameCollectionViewCell.swift */ = {isa = PBXFileReference; lastKnownFileType = sourcecode.swift; path = GameCollectionViewCell.swift; sourceTree = "<group>"; };
		63B5ADDA23956661003D39C3 /* GameVCDataSource.swift */ = {isa = PBXFileReference; lastKnownFileType = sourcecode.swift; path = GameVCDataSource.swift; sourceTree = "<group>"; };
		63B5ADE12395A06B003D39C3 /* Game.swift */ = {isa = PBXFileReference; lastKnownFileType = sourcecode.swift; path = Game.swift; sourceTree = "<group>"; };
		63B5ADE32398304E003D39C3 /* HeartStack.swift */ = {isa = PBXFileReference; lastKnownFileType = sourcecode.swift; path = HeartStack.swift; sourceTree = "<group>"; };
		63B5ADE523993D0D003D39C3 /* CategoryCollectionViewController.swift */ = {isa = PBXFileReference; lastKnownFileType = sourcecode.swift; path = CategoryCollectionViewController.swift; sourceTree = "<group>"; };
		63B5ADE723993D58003D39C3 /* CategoryCollectionViewCell.swift */ = {isa = PBXFileReference; lastKnownFileType = sourcecode.swift; path = CategoryCollectionViewCell.swift; sourceTree = "<group>"; };
		63B5ADE923998065003D39C3 /* ResultViewController.swift */ = {isa = PBXFileReference; lastKnownFileType = sourcecode.swift; path = ResultViewController.swift; sourceTree = "<group>"; };
/* End PBXFileReference section */

/* Begin PBXFrameworksBuildPhase section */
		637F8727239D95F50051BEBC /* Frameworks */ = {
			isa = PBXFrameworksBuildPhase;
			buildActionMask = 2147483647;
			files = (
			);
			runOnlyForDeploymentPostprocessing = 0;
		};
		63B5AD952391594D003D39C3 /* Frameworks */ = {
			isa = PBXFrameworksBuildPhase;
			buildActionMask = 2147483647;
			files = (
			);
			runOnlyForDeploymentPostprocessing = 0;
		};
/* End PBXFrameworksBuildPhase section */

/* Begin PBXGroup section */
		6331F19F239AC08100E57E04 /* CoreData */ = {
			isa = PBXGroup;
			children = (
				6331F19D239AC07600E57E04 /* CoreDataService.swift */,
				6331F1A0239AC10200E57E04 /* CoreDataStack.swift */,
				6331F1A2239AC15000E57E04 /* MOScore.swift */,
				6331F1A4239AC19700E57E04 /* Model.xcdatamodeld */,
			);
			path = CoreData;
			sourceTree = "<group>";
		};
		6331F1AF239B05FC00E57E04 /* ScoreTVCExtension */ = {
			isa = PBXGroup;
			children = (
				6331F1AD239ADB8D00E57E04 /* ScoreTVCDatasource.swift */,
			);
			path = ScoreTVCExtension;
			sourceTree = "<group>";
		};
		6331F1B2239B186F00E57E04 /* ResultVSConstraintsExtension */ = {
			isa = PBXGroup;
			children = (
				6331F1B0239B156A00E57E04 /* ResultVCUIConstraints.swift */,
			);
			path = ResultVSConstraintsExtension;
			sourceTree = "<group>";
		};
		6331F1B3239B192200E57E04 /* Services */ = {
			isa = PBXGroup;
			children = (
				6331F19F239AC08100E57E04 /* CoreData */,
				63B5ADC323916E5B003D39C3 /* Network */,
			);
			path = Services;
			sourceTree = "<group>";
		};
		637F829E239D35D70051BEBC /* ScoreTableViewCells */ = {
			isa = PBXGroup;
			children = (
				6331F1AB239AD50900E57E04 /* ScoreTableViewCell.swift */,
				637F829F239D36010051BEBC /* ScoreTableViewCellLabels.swift */,
			);
			name = ScoreTableViewCells;
			sourceTree = "<group>";
		};
		637F872B239D95F50051BEBC /* Project_Get_WordTests */ = {
			isa = PBXGroup;
			children = (
				637F872C239D95F50051BEBC /* Project_Get_WordTests.swift */,
				637F872E239D95F50051BEBC /* Info.plist */,
			);
			path = Project_Get_WordTests;
			sourceTree = "<group>";
		};
		63B5AD8F2391594D003D39C3 = {
			isa = PBXGroup;
			children = (
				63B5AD9A2391594D003D39C3 /* Project_Get_Word */,
				637F872B239D95F50051BEBC /* Project_Get_WordTests */,
				63B5AD992391594D003D39C3 /* Products */,
			);
			sourceTree = "<group>";
		};
		63B5AD992391594D003D39C3 /* Products */ = {
			isa = PBXGroup;
			children = (
				63B5AD982391594D003D39C3 /* Project_Get_Word.app */,
				637F872A239D95F50051BEBC /* Project_Get_WordTests.xctest */,
			);
			name = Products;
			sourceTree = "<group>";
		};
		63B5AD9A2391594D003D39C3 /* Project_Get_Word */ = {
			isa = PBXGroup;
			children = (
				63B5ADBD23916C43003D39C3 /* Supporting Files */,
				63B5ADBE23916C63003D39C3 /* Storyboards */,
				63B5ADB623916B1C003D39C3 /* Model */,
				63B5ADC6239178BE003D39C3 /* View */,
				63B5ADAF239169E2003D39C3 /* Controllers */,
				6331F1B3239B192200E57E04 /* Services */,
				63B5ADD9239563D4003D39C3 /* Extensions */,
			);
			path = Project_Get_Word;
			sourceTree = "<group>";
		};
		63B5ADAF239169E2003D39C3 /* Controllers */ = {
			isa = PBXGroup;
			children = (
				63B5ADAD23915A0C003D39C3 /* MainViewController.swift */,
				63B5ADE523993D0D003D39C3 /* CategoryCollectionViewController.swift */,
				63B5ADCC2393EF40003D39C3 /* GameViewController.swift */,
				63B5ADE923998065003D39C3 /* ResultViewController.swift */,
				6331F19B239ABF4700E57E04 /* ScoreTableViewController.swift */,
			);
			path = Controllers;
			sourceTree = "<group>";
		};
		63B5ADB623916B1C003D39C3 /* Model */ = {
			isa = PBXGroup;
			children = (
				63B5ADB423916B17003D39C3 /* Category.swift */,
				63B5ADB723916B4E003D39C3 /* CategoryWord.swift */,
				63B5ADBB23916BE4003D39C3 /* Names.swift */,
				63B5ADE12395A06B003D39C3 /* Game.swift */,
				6331F1A9239AC8B000E57E04 /* Score.swift */,
				639A6C02239D310900D60A89 /* Keyboard.swift */,
			);
			path = Model;
			sourceTree = "<group>";
		};
		63B5ADBD23916C43003D39C3 /* Supporting Files */ = {
			isa = PBXGroup;
			children = (
				63B5AD9B2391594D003D39C3 /* AppDelegate.swift */,
				63B5ADA22391594E003D39C3 /* Assets.xcassets */,
				63B5ADA72391594E003D39C3 /* Info.plist */,
			);
			path = "Supporting Files";
			sourceTree = "<group>";
		};
		63B5ADBE23916C63003D39C3 /* Storyboards */ = {
			isa = PBXGroup;
			children = (
				63B5ADA42391594E003D39C3 /* LaunchScreen.storyboard */,
			);
			path = Storyboards;
			sourceTree = "<group>";
		};
		63B5ADC323916E5B003D39C3 /* Network */ = {
			isa = PBXGroup;
			children = (
				63B5ADC123916E4A003D39C3 /* NetworkService.swift */,
			);
			path = Network;
			sourceTree = "<group>";
		};
		63B5ADC6239178BE003D39C3 /* View */ = {
			isa = PBXGroup;
			children = (
				63B5ADE723993D58003D39C3 /* CategoryCollectionViewCell.swift */,
				63B5ADD523942780003D39C3 /* GameCollectionViewCell.swift */,
				63B5ADE32398304E003D39C3 /* HeartStack.swift */,
				637F829E239D35D70051BEBC /* ScoreTableViewCells */,
			);
			path = View;
			sourceTree = "<group>";
		};
		63B5ADD9239563D4003D39C3 /* Extensions */ = {
			isa = PBXGroup;
			children = (
				63B5ADDC239566D9003D39C3 /* GameViewControllerExtension */,
				6331F1AF239B05FC00E57E04 /* ScoreTVCExtension */,
				6331F1B2239B186F00E57E04 /* ResultVSConstraintsExtension */,
			);
			path = Extensions;
			sourceTree = "<group>";
		};
		63B5ADDC239566D9003D39C3 /* GameViewControllerExtension */ = {
			isa = PBXGroup;
			children = (
				63B5ADCE239408CE003D39C3 /* GameVCUIConstraints.swift */,
				63B5ADDA23956661003D39C3 /* GameVCDataSource.swift */,
			);
			path = GameViewControllerExtension;
			sourceTree = "<group>";
		};
/* End PBXGroup section */

/* Begin PBXNativeTarget section */
		637F8729239D95F50051BEBC /* Project_Get_WordTests */ = {
			isa = PBXNativeTarget;
			buildConfigurationList = 637F8733239D95F50051BEBC /* Build configuration list for PBXNativeTarget "Project_Get_WordTests" */;
			buildPhases = (
				637F8726239D95F50051BEBC /* Sources */,
				637F8727239D95F50051BEBC /* Frameworks */,
				637F8728239D95F50051BEBC /* Resources */,
			);
			buildRules = (
			);
			dependencies = (
				637F8730239D95F50051BEBC /* PBXTargetDependency */,
			);
			name = Project_Get_WordTests;
			productName = Project_Get_WordTests;
			productReference = 637F872A239D95F50051BEBC /* Project_Get_WordTests.xctest */;
			productType = "com.apple.product-type.bundle.unit-test";
		};
		63B5AD972391594D003D39C3 /* Project_Get_Word */ = {
			isa = PBXNativeTarget;
			buildConfigurationList = 63B5ADAA2391594E003D39C3 /* Build configuration list for PBXNativeTarget "Project_Get_Word" */;
			buildPhases = (
				63B5AD942391594D003D39C3 /* Sources */,
				63B5AD952391594D003D39C3 /* Frameworks */,
				63B5AD962391594D003D39C3 /* Resources */,
			);
			buildRules = (
			);
			dependencies = (
			);
			name = Project_Get_Word;
			productName = Project_Get_Word;
			productReference = 63B5AD982391594D003D39C3 /* Project_Get_Word.app */;
			productType = "com.apple.product-type.application";
		};
/* End PBXNativeTarget section */

/* Begin PBXProject section */
		63B5AD902391594D003D39C3 /* Project object */ = {
			isa = PBXProject;
			attributes = {
				LastSwiftUpdateCheck = 1030;
				LastUpgradeCheck = 1030;
				ORGANIZATIONNAME = David;
				TargetAttributes = {
					637F8729239D95F50051BEBC = {
						CreatedOnToolsVersion = 10.3;
					};
					63B5AD972391594D003D39C3 = {
						CreatedOnToolsVersion = 10.3;
					};
				};
			};
			buildConfigurationList = 63B5AD932391594D003D39C3 /* Build configuration list for PBXProject "Project_Get_Word" */;
			compatibilityVersion = "Xcode 9.3";
			developmentRegion = en;
			hasScannedForEncodings = 0;
			knownRegions = (
				en,
				Base,
			);
			mainGroup = 63B5AD8F2391594D003D39C3;
			productRefGroup = 63B5AD992391594D003D39C3 /* Products */;
			projectDirPath = "";
			projectRoot = "";
			targets = (
				63B5AD972391594D003D39C3 /* Project_Get_Word */,
				637F8729239D95F50051BEBC /* Project_Get_WordTests */,
			);
		};
/* End PBXProject section */

/* Begin PBXResourcesBuildPhase section */
		637F8728239D95F50051BEBC /* Resources */ = {
			isa = PBXResourcesBuildPhase;
			buildActionMask = 2147483647;
			files = (
			);
			runOnlyForDeploymentPostprocessing = 0;
		};
		63B5AD962391594D003D39C3 /* Resources */ = {
			isa = PBXResourcesBuildPhase;
			buildActionMask = 2147483647;
			files = (
				63B5ADA62391594E003D39C3 /* LaunchScreen.storyboard in Resources */,
				63B5ADA32391594E003D39C3 /* Assets.xcassets in Resources */,
			);
			runOnlyForDeploymentPostprocessing = 0;
		};
/* End PBXResourcesBuildPhase section */

/* Begin PBXSourcesBuildPhase section */
		637F8726239D95F50051BEBC /* Sources */ = {
			isa = PBXSourcesBuildPhase;
			buildActionMask = 2147483647;
			files = (
				634F7521239EC3EA00F386C5 /* NetworkService.swift in Sources */,
				634F7513239EC3CB00F386C5 /* CategoryCollectionViewCell.swift in Sources */,
				634F7524239EC3F700F386C5 /* ScoreTVCDatasource.swift in Sources */,
				634F7518239EC3D800F386C5 /* MainViewController.swift in Sources */,
				637F872D239D95F50051BEBC /* Project_Get_WordTests.swift in Sources */,
				634F751B239EC3D800F386C5 /* ResultViewController.swift in Sources */,
				634F751C239EC3D800F386C5 /* ScoreTableViewController.swift in Sources */,
				634F7510239EC3C400F386C5 /* Game.swift in Sources */,
				634F7515239EC3CB00F386C5 /* HeartStack.swift in Sources */,
				634F7512239EC3C400F386C5 /* Keyboard.swift in Sources */,
				634F751E239EC3DF00F386C5 /* CoreDataStack.swift in Sources */,
				634F7519239EC3D800F386C5 /* CategoryCollectionViewController.swift in Sources */,
				634F7516239EC3D200F386C5 /* ScoreTableViewCell.swift in Sources */,
				634F750E239EC3C400F386C5 /* CategoryWord.swift in Sources */,
				634F751F239EC3DF00F386C5 /* MOScore.swift in Sources */,
				634F7517239EC3D200F386C5 /* ScoreTableViewCellLabels.swift in Sources */,
				634F7523239EC3F300F386C5 /* GameVCDataSource.swift in Sources */,
				634F751A239EC3D800F386C5 /* GameViewController.swift in Sources */,
				634F7514239EC3CB00F386C5 /* GameCollectionViewCell.swift in Sources */,
				634F7522239EC3F300F386C5 /* GameVCUIConstraints.swift in Sources */,
				634F750F239EC3C400F386C5 /* Names.swift in Sources */,
				634F7520239EC3E600F386C5 /* Model.xcdatamodeld in Sources */,
				634F7525239EC3FB00F386C5 /* ResultVCUIConstraints.swift in Sources */,
				634F7511239EC3C400F386C5 /* Score.swift in Sources */,
				634F751D239EC3DF00F386C5 /* CoreDataService.swift in Sources */,
				634F750D239EC3C400F386C5 /* Category.swift in Sources */,
			);
			runOnlyForDeploymentPostprocessing = 0;
		};
		63B5AD942391594D003D39C3 /* Sources */ = {
			isa = PBXSourcesBuildPhase;
			buildActionMask = 2147483647;
			files = (
				63B5AD9C2391594D003D39C3 /* AppDelegate.swift in Sources */,
				63B5ADAE23915A0C003D39C3 /* MainViewController.swift in Sources */,
				6331F1AE239ADB8D00E57E04 /* ScoreTVCDatasource.swift in Sources */,
				63B5ADDB23956661003D39C3 /* GameVCDataSource.swift in Sources */,
				63B5ADC223916E4A003D39C3 /* NetworkService.swift in Sources */,
				63B5ADBC23916BE4003D39C3 /* Names.swift in Sources */,
				63B5ADE623993D0D003D39C3 /* CategoryCollectionViewController.swift in Sources */,
				63B5ADB823916B4E003D39C3 /* CategoryWord.swift in Sources */,
				6331F19C239ABF4700E57E04 /* ScoreTableViewController.swift in Sources */,
				6331F1A6239AC19700E57E04 /* Model.xcdatamodeld in Sources */,
				6331F1AC239AD50900E57E04 /* ScoreTableViewCell.swift in Sources */,
				63B5ADEA23998065003D39C3 /* ResultViewController.swift in Sources */,
				6331F1AA239AC8B000E57E04 /* Score.swift in Sources */,
				63B5ADE823993D58003D39C3 /* CategoryCollectionViewCell.swift in Sources */,
				63B5ADB523916B17003D39C3 /* Category.swift in Sources */,
				63B5ADE42398304E003D39C3 /* HeartStack.swift in Sources */,
				6331F19E239AC07600E57E04 /* CoreDataService.swift in Sources */,
				639A6C03239D310900D60A89 /* Keyboard.swift in Sources */,
				6331F1A1239AC10200E57E04 /* CoreDataStack.swift in Sources */,
				63B5ADD623942780003D39C3 /* GameCollectionViewCell.swift in Sources */,
				63B5ADCD2393EF40003D39C3 /* GameViewController.swift in Sources */,
				6331F1B1239B156A00E57E04 /* ResultVCUIConstraints.swift in Sources */,
				63B5ADCF239408CE003D39C3 /* GameVCUIConstraints.swift in Sources */,
				63B5ADE22395A06B003D39C3 /* Game.swift in Sources */,
				6331F1A3239AC15000E57E04 /* MOScore.swift in Sources */,
				637F82A0239D36010051BEBC /* ScoreTableViewCellLabels.swift in Sources */,
			);
			runOnlyForDeploymentPostprocessing = 0;
		};
/* End PBXSourcesBuildPhase section */

/* Begin PBXTargetDependency section */
		637F8730239D95F50051BEBC /* PBXTargetDependency */ = {
			isa = PBXTargetDependency;
			target = 63B5AD972391594D003D39C3 /* Project_Get_Word */;
			targetProxy = 637F872F239D95F50051BEBC /* PBXContainerItemProxy */;
		};
/* End PBXTargetDependency section */

/* Begin PBXVariantGroup section */
		63B5ADA42391594E003D39C3 /* LaunchScreen.storyboard */ = {
			isa = PBXVariantGroup;
			children = (
				63B5ADA52391594E003D39C3 /* Base */,
			);
			name = LaunchScreen.storyboard;
			sourceTree = "<group>";
		};
/* End PBXVariantGroup section */

/* Begin XCBuildConfiguration section */
		637F8731239D95F50051BEBC /* Debug */ = {
			isa = XCBuildConfiguration;
			buildSettings = {
				CODE_SIGN_STYLE = Automatic;
				DEVELOPMENT_TEAM = HK3JCX6MNH;
				INFOPLIST_FILE = Project_Get_WordTests/Info.plist;
				LD_RUNPATH_SEARCH_PATHS = (
					"$(inherited)",
					"@executable_path/Frameworks",
					"@loader_path/Frameworks",
				);
				PRODUCT_BUNDLE_IDENTIFIER = "david.Project-Get-WordTests";
				PRODUCT_NAME = "$(TARGET_NAME)";
				SWIFT_VERSION = 5.0;
				TARGETED_DEVICE_FAMILY = "1,2";
			};
			name = Debug;
		};
		637F8732239D95F50051BEBC /* Release */ = {
			isa = XCBuildConfiguration;
			buildSettings = {
				CODE_SIGN_STYLE = Automatic;
				DEVELOPMENT_TEAM = HK3JCX6MNH;
				INFOPLIST_FILE = Project_Get_WordTests/Info.plist;
				LD_RUNPATH_SEARCH_PATHS = (
					"$(inherited)",
					"@executable_path/Frameworks",
					"@loader_path/Frameworks",
				);
				PRODUCT_BUNDLE_IDENTIFIER = "david.Project-Get-WordTests";
				PRODUCT_NAME = "$(TARGET_NAME)";
				SWIFT_VERSION = 5.0;
				TARGETED_DEVICE_FAMILY = "1,2";
			};
			name = Release;
		};
		63B5ADA82391594E003D39C3 /* Debug */ = {
			isa = XCBuildConfiguration;
			buildSettings = {
				ALWAYS_SEARCH_USER_PATHS = NO;
				CLANG_ANALYZER_NONNULL = YES;
				CLANG_ANALYZER_NUMBER_OBJECT_CONVERSION = YES_AGGRESSIVE;
				CLANG_CXX_LANGUAGE_STANDARD = "gnu++14";
				CLANG_CXX_LIBRARY = "libc++";
				CLANG_ENABLE_MODULES = YES;
				CLANG_ENABLE_OBJC_ARC = YES;
				CLANG_ENABLE_OBJC_WEAK = YES;
				CLANG_WARN_BLOCK_CAPTURE_AUTORELEASING = YES;
				CLANG_WARN_BOOL_CONVERSION = YES;
				CLANG_WARN_COMMA = YES;
				CLANG_WARN_CONSTANT_CONVERSION = YES;
				CLANG_WARN_DEPRECATED_OBJC_IMPLEMENTATIONS = YES;
				CLANG_WARN_DIRECT_OBJC_ISA_USAGE = YES_ERROR;
				CLANG_WARN_DOCUMENTATION_COMMENTS = YES;
				CLANG_WARN_EMPTY_BODY = YES;
				CLANG_WARN_ENUM_CONVERSION = YES;
				CLANG_WARN_INFINITE_RECURSION = YES;
				CLANG_WARN_INT_CONVERSION = YES;
				CLANG_WARN_NON_LITERAL_NULL_CONVERSION = YES;
				CLANG_WARN_OBJC_IMPLICIT_RETAIN_SELF = YES;
				CLANG_WARN_OBJC_LITERAL_CONVERSION = YES;
				CLANG_WARN_OBJC_ROOT_CLASS = YES_ERROR;
				CLANG_WARN_RANGE_LOOP_ANALYSIS = YES;
				CLANG_WARN_STRICT_PROTOTYPES = YES;
				CLANG_WARN_SUSPICIOUS_MOVE = YES;
				CLANG_WARN_UNGUARDED_AVAILABILITY = YES_AGGRESSIVE;
				CLANG_WARN_UNREACHABLE_CODE = YES;
				CLANG_WARN__DUPLICATE_METHOD_MATCH = YES;
				CODE_SIGN_IDENTITY = "iPhone Developer";
				COPY_PHASE_STRIP = NO;
				DEBUG_INFORMATION_FORMAT = dwarf;
				ENABLE_STRICT_OBJC_MSGSEND = YES;
				ENABLE_TESTABILITY = YES;
				GCC_C_LANGUAGE_STANDARD = gnu11;
				GCC_DYNAMIC_NO_PIC = NO;
				GCC_NO_COMMON_BLOCKS = YES;
				GCC_OPTIMIZATION_LEVEL = 0;
				GCC_PREPROCESSOR_DEFINITIONS = (
					"DEBUG=1",
					"$(inherited)",
				);
				GCC_WARN_64_TO_32_BIT_CONVERSION = YES;
				GCC_WARN_ABOUT_RETURN_TYPE = YES_ERROR;
				GCC_WARN_UNDECLARED_SELECTOR = YES;
				GCC_WARN_UNINITIALIZED_AUTOS = YES_AGGRESSIVE;
				GCC_WARN_UNUSED_FUNCTION = YES;
				GCC_WARN_UNUSED_VARIABLE = YES;
				IPHONEOS_DEPLOYMENT_TARGET = 12.4;
				MTL_ENABLE_DEBUG_INFO = INCLUDE_SOURCE;
				MTL_FAST_MATH = YES;
				ONLY_ACTIVE_ARCH = YES;
				SDKROOT = iphoneos;
				SWIFT_ACTIVE_COMPILATION_CONDITIONS = DEBUG;
				SWIFT_OPTIMIZATION_LEVEL = "-Onone";
			};
			name = Debug;
		};
		63B5ADA92391594E003D39C3 /* Release */ = {
			isa = XCBuildConfiguration;
			buildSettings = {
				ALWAYS_SEARCH_USER_PATHS = NO;
				CLANG_ANALYZER_NONNULL = YES;
				CLANG_ANALYZER_NUMBER_OBJECT_CONVERSION = YES_AGGRESSIVE;
				CLANG_CXX_LANGUAGE_STANDARD = "gnu++14";
				CLANG_CXX_LIBRARY = "libc++";
				CLANG_ENABLE_MODULES = YES;
				CLANG_ENABLE_OBJC_ARC = YES;
				CLANG_ENABLE_OBJC_WEAK = YES;
				CLANG_WARN_BLOCK_CAPTURE_AUTORELEASING = YES;
				CLANG_WARN_BOOL_CONVERSION = YES;
				CLANG_WARN_COMMA = YES;
				CLANG_WARN_CONSTANT_CONVERSION = YES;
				CLANG_WARN_DEPRECATED_OBJC_IMPLEMENTATIONS = YES;
				CLANG_WARN_DIRECT_OBJC_ISA_USAGE = YES_ERROR;
				CLANG_WARN_DOCUMENTATION_COMMENTS = YES;
				CLANG_WARN_EMPTY_BODY = YES;
				CLANG_WARN_ENUM_CONVERSION = YES;
				CLANG_WARN_INFINITE_RECURSION = YES;
				CLANG_WARN_INT_CONVERSION = YES;
				CLANG_WARN_NON_LITERAL_NULL_CONVERSION = YES;
				CLANG_WARN_OBJC_IMPLICIT_RETAIN_SELF = YES;
				CLANG_WARN_OBJC_LITERAL_CONVERSION = YES;
				CLANG_WARN_OBJC_ROOT_CLASS = YES_ERROR;
				CLANG_WARN_RANGE_LOOP_ANALYSIS = YES;
				CLANG_WARN_STRICT_PROTOTYPES = YES;
				CLANG_WARN_SUSPICIOUS_MOVE = YES;
				CLANG_WARN_UNGUARDED_AVAILABILITY = YES_AGGRESSIVE;
				CLANG_WARN_UNREACHABLE_CODE = YES;
				CLANG_WARN__DUPLICATE_METHOD_MATCH = YES;
				CODE_SIGN_IDENTITY = "iPhone Developer";
				COPY_PHASE_STRIP = NO;
				DEBUG_INFORMATION_FORMAT = "dwarf-with-dsym";
				ENABLE_NS_ASSERTIONS = NO;
				ENABLE_STRICT_OBJC_MSGSEND = YES;
				GCC_C_LANGUAGE_STANDARD = gnu11;
				GCC_NO_COMMON_BLOCKS = YES;
				GCC_WARN_64_TO_32_BIT_CONVERSION = YES;
				GCC_WARN_ABOUT_RETURN_TYPE = YES_ERROR;
				GCC_WARN_UNDECLARED_SELECTOR = YES;
				GCC_WARN_UNINITIALIZED_AUTOS = YES_AGGRESSIVE;
				GCC_WARN_UNUSED_FUNCTION = YES;
				GCC_WARN_UNUSED_VARIABLE = YES;
				IPHONEOS_DEPLOYMENT_TARGET = 12.4;
				MTL_ENABLE_DEBUG_INFO = NO;
				MTL_FAST_MATH = YES;
				SDKROOT = iphoneos;
				SWIFT_COMPILATION_MODE = wholemodule;
				SWIFT_OPTIMIZATION_LEVEL = "-O";
				VALIDATE_PRODUCT = YES;
			};
			name = Release;
		};
		63B5ADAB2391594E003D39C3 /* Debug */ = {
			isa = XCBuildConfiguration;
			buildSettings = {
				ASSETCATALOG_COMPILER_APPICON_NAME = AppIcon;
				CODE_SIGN_STYLE = Automatic;
				DEVELOPMENT_TEAM = HK3JCX6MNH;
				INFOPLIST_FILE = "$(SRCROOT)/Project_Get_Word/Supporting Files/Info.plist";
				LD_RUNPATH_SEARCH_PATHS = (
					"$(inherited)",
					"@executable_path/Frameworks",
				);
				PRODUCT_BUNDLE_IDENTIFIER = "david.Project-Get-Word";
				PRODUCT_NAME = "$(TARGET_NAME)";
				SWIFT_VERSION = 5.0;
				TARGETED_DEVICE_FAMILY = "1,2";
			};
			name = Debug;
		};
		63B5ADAC2391594E003D39C3 /* Release */ = {
			isa = XCBuildConfiguration;
			buildSettings = {
				ASSETCATALOG_COMPILER_APPICON_NAME = AppIcon;
				CODE_SIGN_STYLE = Automatic;
				DEVELOPMENT_TEAM = HK3JCX6MNH;
				INFOPLIST_FILE = "$(SRCROOT)/Project_Get_Word/Supporting Files/Info.plist";
				LD_RUNPATH_SEARCH_PATHS = (
					"$(inherited)",
					"@executable_path/Frameworks",
				);
				PRODUCT_BUNDLE_IDENTIFIER = "david.Project-Get-Word";
				PRODUCT_NAME = "$(TARGET_NAME)";
				SWIFT_VERSION = 5.0;
				TARGETED_DEVICE_FAMILY = "1,2";
			};
			name = Release;
		};
/* End XCBuildConfiguration section */

/* Begin XCConfigurationList section */
		637F8733239D95F50051BEBC /* Build configuration list for PBXNativeTarget "Project_Get_WordTests" */ = {
			isa = XCConfigurationList;
			buildConfigurations = (
				637F8731239D95F50051BEBC /* Debug */,
				637F8732239D95F50051BEBC /* Release */,
			);
			defaultConfigurationIsVisible = 0;
			defaultConfigurationName = Release;
		};
		63B5AD932391594D003D39C3 /* Build configuration list for PBXProject "Project_Get_Word" */ = {
			isa = XCConfigurationList;
			buildConfigurations = (
				63B5ADA82391594E003D39C3 /* Debug */,
				63B5ADA92391594E003D39C3 /* Release */,
			);
			defaultConfigurationIsVisible = 0;
			defaultConfigurationName = Release;
		};
		63B5ADAA2391594E003D39C3 /* Build configuration list for PBXNativeTarget "Project_Get_Word" */ = {
			isa = XCConfigurationList;
			buildConfigurations = (
				63B5ADAB2391594E003D39C3 /* Debug */,
				63B5ADAC2391594E003D39C3 /* Release */,
			);
			defaultConfigurationIsVisible = 0;
			defaultConfigurationName = Release;
		};
/* End XCConfigurationList section */

/* Begin XCVersionGroup section */
		6331F1A4239AC19700E57E04 /* Model.xcdatamodeld */ = {
			isa = XCVersionGroup;
			children = (
				6331F1A5239AC19700E57E04 /* Model.xcdatamodel */,
			);
			currentVersion = 6331F1A5239AC19700E57E04 /* Model.xcdatamodel */;
			path = Model.xcdatamodeld;
			sourceTree = "<group>";
			versionGroupType = wrapper.xcdatamodel;
		};
/* End XCVersionGroup section */
	};
	rootObject = 63B5AD902391594D003D39C3 /* Project object */;
}
